
Microsoft Visual Studio Solution File, Format Version 12.00
# Visual Studio Version 17
VisualStudioVersion = 17.7.34202.233
MinimumVisualStudioVersion = 10.0.40219.1
Project("{FAE04EC0-301F-11D3-BF4B-00C04F79EFBC}") = "CommunityToolkitApp", "CommunityToolkitApp.csproj", "{253F2FA7-4E2C-430B-9569-9649A1799584}"
EndProject
Global
	GlobalSection(SolutionConfigurationPlatforms) = preSolution
		Debug|Any CPU = Debug|Any CPU
		Release|Any CPU = Release|Any CPU
	EndGlobalSection
	GlobalSection(ProjectConfigurationPlatforms) = postSolution
		{253F2FA7-4E2C-430B-9569-9649A1799584}.Debug|Any CPU.ActiveCfg = Debug|Any CPU
		{253F2FA7-4E2C-430B-9569-9649A1799584}.Debug|Any CPU.Build.0 = Debug|Any CPU
		{253F2FA7-4E2C-430B-9569-9649A1799584}.Release|Any CPU.ActiveCfg = Release|Any CPU
		{253F2FA7-4E2C-430B-9569-9649A1799584}.Release|Any CPU.Build.0 = Release|Any CPU
	EndGlobalSection
	GlobalSection(SolutionProperties) = preSolution
		HideSolutionNode = FALSE
	EndGlobalSection
	GlobalSection(ExtensibilityGlobals) = postSolution
		SolutionGuid = {A6B271C6-516C-4C77-ADF3-F559BBEE1ABD}
	EndGlobalSection
EndGlobal
